# This file is autogenerated, do not edit; changes may be undone by the next 'dep ensure'.


[[projects]]
  digest = "1:ffe9824d294da03b391f44e1ae8281281b4afc1bdaa9588c9097785e3af10cec"
  name = "github.com/davecgh/go-spew"
  packages = ["spew"]
  pruneopts = "UT"
  revision = "8991bc29aa16c548c550c7ff78260e27b9ab7c73"
  version = "v1.1.1"

[[projects]]
  digest = "1:2b48b4b9c32eafe68ceb15ced4d7419014e8f011be7a5489d400fdf844217d16"
  name = "github.com/jackc/pgx"
  packages = [
    ".",
    "chunkreader",
    "internal/sanitize",
    "pgio",
    "pgproto3",
    "pgtype",
    "stdlib",
  ]
  pruneopts = "UT"
  revision = "c59c9cac59ab95eceb0c12ff338923c62f411ea2"
  version = "v3.3.0"

[[projects]]
  digest = "1:6c41d4f998a03b6604227ccad36edaed6126c397e5d78709ef4814a1145a6757"
  name = "github.com/jmoiron/sqlx"
  packages = [
    ".",
    "reflectx",
  ]
  pruneopts = "UT"
  revision = "d161d7a76b5661016ad0b085869f77fd410f3e6a"
  version = "v1.2.0"

[[projects]]
  digest = "1:3e551bbb3a7c0ab2a2bf4660e7fcad16db089fdcfbb44b0199e62838038623ea"
  name = "github.com/json-iterator/go"
  packages = ["."]
  pruneopts = "UT"
  revision = "1624edc4454b8682399def8740d46db5e4362ba4"
  version = "v1.1.5"

[[projects]]
  digest = "1:33422d238f147d247752996a26574ac48dcf472976eda7f5134015f06bf16563"
  name = "github.com/modern-go/concurrent"
  packages = ["."]
  pruneopts = "UT"
  revision = "bacd9c7ef1dd9b15be4a9909b8ac7a4e313eec94"
  version = "1.0.3"

[[projects]]
  digest = "1:e32bdbdb7c377a07a9a46378290059822efdce5c8d96fe71940d87cb4f918855"
  name = "github.com/modern-go/reflect2"
  packages = ["."]
  pruneopts = "UT"
  revision = "4b7aa43c6742a2c18fdef89dd197aaae7dac7ccd"
  version = "1.0.1"

[[projects]]
  digest = "1:cf31692c14422fa27c83a05292eb5cbe0fb2775972e8f1f8446a71549bd8980b"
  name = "github.com/pkg/errors"
  packages = ["."]
  pruneopts = "UT"
  revision = "ba968bfe8b2f7e042a574c888954fccecfa385b4"
  version = "v0.8.1"

[[projects]]
  digest = "1:0028cb19b2e4c3112225cd871870f2d9cf49b9b4276531f03438a88e94be86fe"
  name = "github.com/pmezard/go-difflib"
  packages = ["difflib"]
  pruneopts = "UT"
  revision = "792786c7400a136282c1664665ae0a8db921c6c2"
  version = "v1.0.0"

[[projects]]
  digest = "1:5da8ce674952566deae4dbc23d07c85caafc6cfa815b0b3e03e41979cedb8750"
  name = "github.com/stretchr/testify"
  packages = [
    "assert",
    "require",
  ]
  pruneopts = "UT"
  revision = "ffdc059bfe9ce6a4e144ba849dbedead332c6053"
  version = "v1.3.0"

[[projects]]
  digest = "1:43810b43c8886877983b8482abfae98db27431d97608570b517291dfb2268b40"
  name = "github.com/vgarvardt/go-pg-adapter"
  packages = [
    ".",
    "pgxadapter",
    "sqladapter",
  ]
  pruneopts = "UT"
  revision = "8c23d5fcc0f15fee8927c7e0820c4813eab3a3ab"
  version = "v0.1.1"

[[projects]]
  digest = "1:229a51f5f5173174d2883b06dd9ca48e766113fe54cd8b0ae5a78b45038c8e06"
  name = "github.com/vgarvardt/pgx-helpers"
  packages = ["."]
  pruneopts = "UT"
  revision = "9102d6ddee2337d9e2db826b80908841a6868aa7"
  version = "0.1"

[[projects]]
  digest = "1:298781f7f850f192b53d91369573a1b25aece85404e56745df562f95c4ac73cd"
  name = "gopkg.in/oauth2.v3"
  packages = [
    ".",
    "models",
  ]
  pruneopts = "UT"
  revision = "fe41d7bfbb24c7beb58643b86cab0b14689d5077"
  version = "v3.9.5"

[solve-meta]
  analyzer-name = "dep"
  analyzer-version = 1
  input-imports = [
    "github.com/jackc/pgx",
    "github.com/jackc/pgx/stdlib",
    "github.com/jmoiron/sqlx",
    "github.com/json-iterator/go",
    "github.com/stretchr/testify/assert",
    "github.com/stretchr/testify/require",
    "github.com/vgarvardt/go-pg-adapter",
    "github.com/vgarvardt/go-pg-adapter/pgxadapter",
    "github.com/vgarvardt/go-pg-adapter/sqladapter",
    "gopkg.in/oauth2.v3",
    "gopkg.in/oauth2.v3/models",
  ]
  solver-name = "gps-cdcl"
  solver-version = 1
